{
  "frozen_utc": "2026-07-11T02:17:24Z",
  "config_sha256": "c72ff83aa99af1d19c2f58413e81d8b9b6da83f463f567ac368d0830be213e1e",
  "contract_sha256": {
    "schema_sha256": "fe7d8b1caf5c49ec810ac43f987b26ee1ceb189cb59576828c3be2e5c37c8e85",
    "target_mapping_sha256": "806d02652e348d1462c9f650e25f762df05a8bc50b9d3a480d61d7df454f3301",
    "feature_ledger_sha256": "03ef36e7404f5eb28e7b28a61db53e75e081e28ab58ee154340eba4b5507b236"
  },
  "data_sha256": "059559cd7a9c40a37f7f60e12e6a82137dc8c70d12817246c2a19d59ea3e097b",
  "split_sha256": "119085e9a5aeeeeadcf88145531c3117bd98fc02ded9b766e3599f2283ff13c3",
  "development_report_sha256": "c19c769025e1263a66062999a70e4616f07411288e616007a2a186c7a332717d",
  "primary_baseline": "majority",
  "git_commit": "e55d6f16007816f1537956dc810a72989406a062",
  "git_branch": "portfolio-research-finalization-v3"
}